# This file is automatically @generated by Poetry 1.5.5 and should not be changed by hand.

[[package]]
name = "telegram"
version = "0.0.1"
description = "Telegram APIs"
optional = false
python-versions = "*"
files = [
    {file = "telegram-0.0.1.tar.gz", hash = "sha256:d405a0af4c868a8dbeae6d03e297e21c7ee6269e11e2ed3810e15544aba02591"},
]

[[package]]
name = "yt-dlp"
version = "2025.2.19"
description = "A feature-rich command-line audio/video downloader"
optional = false
python-versions = ">=3.9"
files = [
    {file = "yt_dlp-2025.2.19-py3-none-any.whl", hash = "sha256:3ed218eaeece55e9d715afd41abc450dc406ee63bf79355169dfde312d38fdb8"},
    {file = "yt_dlp-2025.2.19.tar.gz", hash = "sha256:f33ca76df2e4db31880f2fe408d44f5058d9f135015b13e50610dfbe78245bea"},
]

[package.extras]
build = ["build", "hatchling", "pip", "setuptools (>=71.0.2)", "wheel"]
curl-cffi = ["curl-cffi (==0.5.10)", "curl-cffi (>=0.5.10,!=0.6.*,<0.7.2)"]
default = ["brotli", "brotlicffi", "certifi", "mutagen", "pycryptodomex", "requests (>=2.32.2,<3)", "urllib3 (>=1.26.17,<3)", "websockets (>=13.0)"]
dev = ["autopep8 (>=2.0,<3.0)", "pre-commit", "pytest (>=8.1,<9.0)", "pytest-rerunfailures (>=14.0,<15.0)", "ruff (>=0.9.0,<0.10.0)"]
pyinstaller = ["pyinstaller (>=6.11.1)"]
secretstorage = ["cffi", "secretstorage"]
static-analysis = ["autopep8 (>=2.0,<3.0)", "ruff (>=0.9.0,<0.10.0)"]
test = ["pytest (>=8.1,<9.0)", "pytest-rerunfailures (>=14.0,<15.0)"]

[metadata]
lock-version = "2.0"
python-versions = ">=3.10.0,<3.12"
content-hash = "0975210dd751fbe15f2547ecae442fc5956c30d199568191224ae95a56182377"
